
Microsoft Visual Studio Solution File, Format Version 12.00
# Visual Studio Version 17
VisualStudioVersion = 17.5.33502.453
MinimumVisualStudioVersion = 10.0.40219.1
Project("{8BC9CEB8-8B4A-11D0-8D11-00A0C91BC942}") = "exepemdas3_20220140023", "exepemdas3_20220140023\exepemdas3_20220140023.vcxproj", "{6321BB24-7B1C-4B4A-B73C-5798A30B2CA4}"
EndProject
Global
	GlobalSection(SolutionConfigurationPlatforms) = preSolution
		Debug|x64 = Debug|x64
		Debug|x86 = Debug|x86
		Release|x64 = Release|x64
		Release|x86 = Release|x86
	EndGlobalSection
	GlobalSection(ProjectConfigurationPlatforms) = postSolution
		{6321BB24-7B1C-4B4A-B73C-5798A30B2CA4}.Debug|x64.ActiveCfg = Debug|x64
		{6321BB24-7B1C-4B4A-B73C-5798A30B2CA4}.Debug|x64.Build.0 = Debug|x64
		{6321BB24-7B1C-4B4A-B73C-5798A30B2CA4}.Debug|x86.ActiveCfg = Debug|Win32
		{6321BB24-7B1C-4B4A-B73C-5798A30B2CA4}.Debug|x86.Build.0 = Debug|Win32
		{6321BB24-7B1C-4B4A-B73C-5798A30B2CA4}.Release|x64.ActiveCfg = Release|x64
		{6321BB24-7B1C-4B4A-B73C-5798A30B2CA4}.Release|x64.Build.0 = Release|x64
		{6321BB24-7B1C-4B4A-B73C-5798A30B2CA4}.Release|x86.ActiveCfg = Release|Win32
		{6321BB24-7B1C-4B4A-B73C-5798A30B2CA4}.Release|x86.Build.0 = Release|Win32
	EndGlobalSection
	GlobalSection(SolutionProperties) = preSolution
		HideSolutionNode = FALSE
	EndGlobalSection
	GlobalSection(ExtensibilityGlobals) = postSolution
		SolutionGuid = {A285FB66-804C-4D81-A864-0C7D92EA502F}
	EndGlobalSection
EndGlobal
